
Microsoft Visual Studio Solution File, Format Version 12.00
Project("{2150E333-8FDC-42A3-9474-1A3956D46DE8}") = "WebAPI", "WebAPI", "{4C2DEE2C-38C5-4252-BC79-B9F3D46A6FE6}"
EndProject
Project("{FAE04EC0-301F-11D3-BF4B-00C04F79EFBC}") = "Dotnetstore.OvenSimulator.WebAPI", "src\Dotnetstore.OvenSimulator.WebAPI\Dotnetstore.OvenSimulator.WebAPI.csproj", "{9BD93AD3-21CC-4E11-A248-DEA89491B0AE}"
EndProject
Project("{2150E333-8FDC-42A3-9474-1A3956D46DE8}") = "Solution Items", "Solution Items", "{4C6D5313-8750-4A06-A897-4132FD817681}"
	ProjectSection(SolutionItems) = preProject
		docker-compose.yml = docker-compose.yml
	EndProjectSection
EndProject
Project("{2150E333-8FDC-42A3-9474-1A3956D46DE8}") = "SharedKernel", "SharedKernel", "{A40F53BA-182B-487C-9444-144448B1BDD0}"
EndProject
Project("{FAE04EC0-301F-11D3-BF4B-00C04F79EFBC}") = "Dotnetstore.OvenSimulator.SharedKernel", "src\Dotnetstore.OvenSimulator.SharedKernel\Dotnetstore.OvenSimulator.SharedKernel.csproj", "{2B734B4B-5E58-449C-BBC4-ACC8780AF883}"
EndProject
Project("{2150E333-8FDC-42A3-9474-1A3956D46DE8}") = "Recipes", "Recipes", "{85625684-528F-42D9-91AD-6E9EFF3333BE}"
EndProject
Project("{2150E333-8FDC-42A3-9474-1A3956D46DE8}") = "Contracts", "Contracts", "{B30B0163-9492-4355-B285-A6E9DAD66CA6}"
EndProject
Project("{2150E333-8FDC-42A3-9474-1A3956D46DE8}") = "SDK", "SDK", "{8DBEBDFA-86B5-4C41-89AA-AD22047A68BE}"
EndProject
Project("{FAE04EC0-301F-11D3-BF4B-00C04F79EFBC}") = "Dotnetstore.OvenSimulator.SDK", "src\Dotnetstore.OvenSimulator.SDK\Dotnetstore.OvenSimulator.SDK.csproj", "{CC55551F-5D4A-4ED1-9837-E3459F8B9FA4}"
EndProject
Project("{FAE04EC0-301F-11D3-BF4B-00C04F79EFBC}") = "Dotnetstore.OvenSimulator.Recipes", "src\Dotnetstore.OvenSimulator.Recipes\Dotnetstore.OvenSimulator.Recipes.csproj", "{A8D18A44-502E-4D7A-8976-4C043D32AD84}"
EndProject
Project("{FAE04EC0-301F-11D3-BF4B-00C04F79EFBC}") = "Dotnetstore.OvenSimulator.Contracts", "src\Dotnetstore.OvenSimulator.Contracts\Dotnetstore.OvenSimulator.Contracts.csproj", "{C01F3AF5-8B99-45F2-BE90-40112CACF510}"
EndProject
Project("{2150E333-8FDC-42A3-9474-1A3956D46DE8}") = "TestHelper", "TestHelper", "{A811EA9F-8F8A-4FA7-B054-BA61377F1881}"
EndProject
Project("{FAE04EC0-301F-11D3-BF4B-00C04F79EFBC}") = "Dotnetstore.OvenSimulator.TestHelper", "tests\Dotnetstore.OvenSimulator.TestHelper\Dotnetstore.OvenSimulator.TestHelper.csproj", "{12821610-2C2B-43EB-B7CA-EE5C12BC52A9}"
EndProject
Project("{FAE04EC0-301F-11D3-BF4B-00C04F79EFBC}") = "Dotnetstore.OvenSimulator.SDK.Tests", "tests\Dotnetstore.OvenSimulator.SDK.Tests\Dotnetstore.OvenSimulator.SDK.Tests.csproj", "{72FFEE1D-6B6C-40C3-933B-C788309F986E}"
EndProject
Project("{FAE04EC0-301F-11D3-BF4B-00C04F79EFBC}") = "Dotnetstore.OvenSimulator.Contracts.Tests", "tests\Dotnetstore.OvenSimulator.Contracts.Tests\Dotnetstore.OvenSimulator.Contracts.Tests.csproj", "{A2EF4152-8FA5-45DA-9033-60B5EBCA111F}"
EndProject
Project("{FAE04EC0-301F-11D3-BF4B-00C04F79EFBC}") = "Dotnetstore.OvenSimulator.Recipes.Tests", "tests\Dotnetstore.OvenSimulator.Recipes.Tests\Dotnetstore.OvenSimulator.Recipes.Tests.csproj", "{622BCAE8-A07C-402A-B569-654127F61BFA}"
EndProject
Project("{FAE04EC0-301F-11D3-BF4B-00C04F79EFBC}") = "Dotnetstore.OvenSimulator.WebAPI.Tests.Integration", "tests\Dotnetstore.OvenSimulator.WebAPI.Tests.Integration\Dotnetstore.OvenSimulator.WebAPI.Tests.Integration.csproj", "{CEA81506-12A4-46A7-9F60-94D8B60005B9}"
EndProject
Project("{2150E333-8FDC-42A3-9474-1A3956D46DE8}") = "Amazon", "Amazon", "{94D4543F-0869-4CCE-B7C6-C2A47A262C9C}"
EndProject
Project("{FAE04EC0-301F-11D3-BF4B-00C04F79EFBC}") = "Dotnetstore.OvenSimulator.Amazon", "src\Dotnetstore.OvenSimulator.Amazon\Dotnetstore.OvenSimulator.Amazon.csproj", "{FDB078F4-9D4B-4289-933A-4998212745C9}"
EndProject
Project("{2150E333-8FDC-42A3-9474-1A3956D46DE8}") = "Users", "Users", "{8559CC17-03CF-472E-BBEC-D2E31D471EF4}"
EndProject
Project("{FAE04EC0-301F-11D3-BF4B-00C04F79EFBC}") = "Dotnetstore.OvenSimulator.Users", "src\Dotnetstore.OvenSimulator.Users\Dotnetstore.OvenSimulator.Users.csproj", "{6A1E1837-5B3F-44DA-A0FC-06E0635514AA}"
EndProject
Global
	GlobalSection(SolutionConfigurationPlatforms) = preSolution
		Debug|Any CPU = Debug|Any CPU
		Release|Any CPU = Release|Any CPU
	EndGlobalSection
	GlobalSection(NestedProjects) = preSolution
		{9BD93AD3-21CC-4E11-A248-DEA89491B0AE} = {4C2DEE2C-38C5-4252-BC79-B9F3D46A6FE6}
		{2B734B4B-5E58-449C-BBC4-ACC8780AF883} = {A40F53BA-182B-487C-9444-144448B1BDD0}
		{CC55551F-5D4A-4ED1-9837-E3459F8B9FA4} = {8DBEBDFA-86B5-4C41-89AA-AD22047A68BE}
		{A8D18A44-502E-4D7A-8976-4C043D32AD84} = {85625684-528F-42D9-91AD-6E9EFF3333BE}
		{C01F3AF5-8B99-45F2-BE90-40112CACF510} = {B30B0163-9492-4355-B285-A6E9DAD66CA6}
		{12821610-2C2B-43EB-B7CA-EE5C12BC52A9} = {A811EA9F-8F8A-4FA7-B054-BA61377F1881}
		{72FFEE1D-6B6C-40C3-933B-C788309F986E} = {8DBEBDFA-86B5-4C41-89AA-AD22047A68BE}
		{A2EF4152-8FA5-45DA-9033-60B5EBCA111F} = {B30B0163-9492-4355-B285-A6E9DAD66CA6}
		{622BCAE8-A07C-402A-B569-654127F61BFA} = {85625684-528F-42D9-91AD-6E9EFF3333BE}
		{CEA81506-12A4-46A7-9F60-94D8B60005B9} = {4C2DEE2C-38C5-4252-BC79-B9F3D46A6FE6}
		{FDB078F4-9D4B-4289-933A-4998212745C9} = {94D4543F-0869-4CCE-B7C6-C2A47A262C9C}
		{6A1E1837-5B3F-44DA-A0FC-06E0635514AA} = {8559CC17-03CF-472E-BBEC-D2E31D471EF4}
	EndGlobalSection
	GlobalSection(ProjectConfigurationPlatforms) = postSolution
		{9BD93AD3-21CC-4E11-A248-DEA89491B0AE}.Debug|Any CPU.ActiveCfg = Debug|Any CPU
		{9BD93AD3-21CC-4E11-A248-DEA89491B0AE}.Debug|Any CPU.Build.0 = Debug|Any CPU
		{9BD93AD3-21CC-4E11-A248-DEA89491B0AE}.Release|Any CPU.ActiveCfg = Release|Any CPU
		{9BD93AD3-21CC-4E11-A248-DEA89491B0AE}.Release|Any CPU.Build.0 = Release|Any CPU
		{2B734B4B-5E58-449C-BBC4-ACC8780AF883}.Debug|Any CPU.ActiveCfg = Debug|Any CPU
		{2B734B4B-5E58-449C-BBC4-ACC8780AF883}.Debug|Any CPU.Build.0 = Debug|Any CPU
		{2B734B4B-5E58-449C-BBC4-ACC8780AF883}.Release|Any CPU.ActiveCfg = Release|Any CPU
		{2B734B4B-5E58-449C-BBC4-ACC8780AF883}.Release|Any CPU.Build.0 = Release|Any CPU
		{CC55551F-5D4A-4ED1-9837-E3459F8B9FA4}.Debug|Any CPU.ActiveCfg = Debug|Any CPU
		{CC55551F-5D4A-4ED1-9837-E3459F8B9FA4}.Debug|Any CPU.Build.0 = Debug|Any CPU
		{CC55551F-5D4A-4ED1-9837-E3459F8B9FA4}.Release|Any CPU.ActiveCfg = Release|Any CPU
		{CC55551F-5D4A-4ED1-9837-E3459F8B9FA4}.Release|Any CPU.Build.0 = Release|Any CPU
		{A8D18A44-502E-4D7A-8976-4C043D32AD84}.Debug|Any CPU.ActiveCfg = Debug|Any CPU
		{A8D18A44-502E-4D7A-8976-4C043D32AD84}.Debug|Any CPU.Build.0 = Debug|Any CPU
		{A8D18A44-502E-4D7A-8976-4C043D32AD84}.Release|Any CPU.ActiveCfg = Release|Any CPU
		{A8D18A44-502E-4D7A-8976-4C043D32AD84}.Release|Any CPU.Build.0 = Release|Any CPU
		{C01F3AF5-8B99-45F2-BE90-40112CACF510}.Debug|Any CPU.ActiveCfg = Debug|Any CPU
		{C01F3AF5-8B99-45F2-BE90-40112CACF510}.Debug|Any CPU.Build.0 = Debug|Any CPU
		{C01F3AF5-8B99-45F2-BE90-40112CACF510}.Release|Any CPU.ActiveCfg = Release|Any CPU
		{C01F3AF5-8B99-45F2-BE90-40112CACF510}.Release|Any CPU.Build.0 = Release|Any CPU
		{12821610-2C2B-43EB-B7CA-EE5C12BC52A9}.Debug|Any CPU.ActiveCfg = Debug|Any CPU
		{12821610-2C2B-43EB-B7CA-EE5C12BC52A9}.Debug|Any CPU.Build.0 = Debug|Any CPU
		{12821610-2C2B-43EB-B7CA-EE5C12BC52A9}.Release|Any CPU.ActiveCfg = Release|Any CPU
		{12821610-2C2B-43EB-B7CA-EE5C12BC52A9}.Release|Any CPU.Build.0 = Release|Any CPU
		{72FFEE1D-6B6C-40C3-933B-C788309F986E}.Debug|Any CPU.ActiveCfg = Debug|Any CPU
		{72FFEE1D-6B6C-40C3-933B-C788309F986E}.Debug|Any CPU.Build.0 = Debug|Any CPU
		{72FFEE1D-6B6C-40C3-933B-C788309F986E}.Release|Any CPU.ActiveCfg = Release|Any CPU
		{72FFEE1D-6B6C-40C3-933B-C788309F986E}.Release|Any CPU.Build.0 = Release|Any CPU
		{A2EF4152-8FA5-45DA-9033-60B5EBCA111F}.Debug|Any CPU.ActiveCfg = Debug|Any CPU
		{A2EF4152-8FA5-45DA-9033-60B5EBCA111F}.Debug|Any CPU.Build.0 = Debug|Any CPU
		{A2EF4152-8FA5-45DA-9033-60B5EBCA111F}.Release|Any CPU.ActiveCfg = Release|Any CPU
		{A2EF4152-8FA5-45DA-9033-60B5EBCA111F}.Release|Any CPU.Build.0 = Release|Any CPU
		{622BCAE8-A07C-402A-B569-654127F61BFA}.Debug|Any CPU.ActiveCfg = Debug|Any CPU
		{622BCAE8-A07C-402A-B569-654127F61BFA}.Debug|Any CPU.Build.0 = Debug|Any CPU
		{622BCAE8-A07C-402A-B569-654127F61BFA}.Release|Any CPU.ActiveCfg = Release|Any CPU
		{622BCAE8-A07C-402A-B569-654127F61BFA}.Release|Any CPU.Build.0 = Release|Any CPU
		{CEA81506-12A4-46A7-9F60-94D8B60005B9}.Debug|Any CPU.ActiveCfg = Debug|Any CPU
		{CEA81506-12A4-46A7-9F60-94D8B60005B9}.Debug|Any CPU.Build.0 = Debug|Any CPU
		{CEA81506-12A4-46A7-9F60-94D8B60005B9}.Release|Any CPU.ActiveCfg = Release|Any CPU
		{CEA81506-12A4-46A7-9F60-94D8B60005B9}.Release|Any CPU.Build.0 = Release|Any CPU
		{FDB078F4-9D4B-4289-933A-4998212745C9}.Debug|Any CPU.ActiveCfg = Debug|Any CPU
		{FDB078F4-9D4B-4289-933A-4998212745C9}.Debug|Any CPU.Build.0 = Debug|Any CPU
		{FDB078F4-9D4B-4289-933A-4998212745C9}.Release|Any CPU.ActiveCfg = Release|Any CPU
		{FDB078F4-9D4B-4289-933A-4998212745C9}.Release|Any CPU.Build.0 = Release|Any CPU
		{6A1E1837-5B3F-44DA-A0FC-06E0635514AA}.Debug|Any CPU.ActiveCfg = Debug|Any CPU
		{6A1E1837-5B3F-44DA-A0FC-06E0635514AA}.Debug|Any CPU.Build.0 = Debug|Any CPU
		{6A1E1837-5B3F-44DA-A0FC-06E0635514AA}.Release|Any CPU.ActiveCfg = Release|Any CPU
		{6A1E1837-5B3F-44DA-A0FC-06E0635514AA}.Release|Any CPU.Build.0 = Release|Any CPU
	EndGlobalSection
EndGlobal
